
Microsoft Visual Studio Solution File, Format Version 12.00
# Visual Studio Version 17
VisualStudioVersion = 17.12.35527.113 d17.12
MinimumVisualStudioVersion = 10.0.40219.1
Project("{FAE04EC0-301F-11D3-BF4B-00C04F79EFBC}") = "ConsoleApp", "ConsoleApp\ConsoleApp.csproj", "{92728AE1-3B34-40AD-A52D-A9CCE4327449}"
EndProject
Project("{FAE04EC0-301F-11D3-BF4B-00C04F79EFBC}") = "DevicesClassLibrary", "ClassLibrary\DevicesClassLibrary.csproj", "{551C1950-15BE-450A-8E47-79BE6B50592A}"
EndProject
Project("{FAE04EC0-301F-11D3-BF4B-00C04F79EFBC}") = "FactoryClassLibrary", "FactoryClassLibrary\FactoryClassLibrary.csproj", "{ECCC8C06-F383-41B6-BA1C-B5BF343B9479}"
EndProject
Global
	GlobalSection(SolutionConfigurationPlatforms) = preSolution
		Debug|Any CPU = Debug|Any CPU
		Release|Any CPU = Release|Any CPU
	EndGlobalSection
	GlobalSection(ProjectConfigurationPlatforms) = postSolution
		{92728AE1-3B34-40AD-A52D-A9CCE4327449}.Debug|Any CPU.ActiveCfg = Debug|Any CPU
		{92728AE1-3B34-40AD-A52D-A9CCE4327449}.Debug|Any CPU.Build.0 = Debug|Any CPU
		{92728AE1-3B34-40AD-A52D-A9CCE4327449}.Release|Any CPU.ActiveCfg = Release|Any CPU
		{92728AE1-3B34-40AD-A52D-A9CCE4327449}.Release|Any CPU.Build.0 = Release|Any CPU
		{551C1950-15BE-450A-8E47-79BE6B50592A}.Debug|Any CPU.ActiveCfg = Debug|Any CPU
		{551C1950-15BE-450A-8E47-79BE6B50592A}.Debug|Any CPU.Build.0 = Debug|Any CPU
		{551C1950-15BE-450A-8E47-79BE6B50592A}.Release|Any CPU.ActiveCfg = Release|Any CPU
		{551C1950-15BE-450A-8E47-79BE6B50592A}.Release|Any CPU.Build.0 = Release|Any CPU
		{ECCC8C06-F383-41B6-BA1C-B5BF343B9479}.Debug|Any CPU.ActiveCfg = Debug|Any CPU
		{ECCC8C06-F383-41B6-BA1C-B5BF343B9479}.Debug|Any CPU.Build.0 = Debug|Any CPU
		{ECCC8C06-F383-41B6-BA1C-B5BF343B9479}.Release|Any CPU.ActiveCfg = Release|Any CPU
		{ECCC8C06-F383-41B6-BA1C-B5BF343B9479}.Release|Any CPU.Build.0 = Release|Any CPU
	EndGlobalSection
	GlobalSection(SolutionProperties) = preSolution
		HideSolutionNode = FALSE
	EndGlobalSection
EndGlobal
